{
  "object": {
    "pins": [
      {
        "package": "SwiftPM",
        "repositoryURL": "https://github.com/apple/swift-package-manager.git",
        "state": {
          "branch": "master",
          "revision": "3e71e57db41ebb32ccec1841a7e26c428a9c08c5",
          "version": null
        }
      }
    ]
  },
  "version": 1
}
